
Microsoft Visual Studio Solution File, Format Version 12.00
# Visual Studio 14
VisualStudioVersion = 14.0.24720.0
MinimumVisualStudioVersion = 10.0.40219.1
Project("{FAE04EC0-301F-11D3-BF4B-00C04F79EFBC}") = "ExpressWalker", "ExpressWalker\ExpressWalker.csproj", "{FB8E7DA6-63EC-447D-841D-CFF1613E1692}"
EndProject
Project("{FAE04EC0-301F-11D3-BF4B-00C04F79EFBC}") = "ExpressWalker.Test", "ExpressWalker.Test\ExpressWalker.Test.csproj", "{46CB8690-A9D4-4B3B-9B07-B8305029C0E3}"
EndProject
Global
	GlobalSection(SolutionConfigurationPlatforms) = preSolution
		Debug|Any CPU = Debug|Any CPU
		Release|Any CPU = Release|Any CPU
	EndGlobalSection
	GlobalSection(ProjectConfigurationPlatforms) = postSolution
		{FB8E7DA6-63EC-447D-841D-CFF1613E1692}.Debug|Any CPU.ActiveCfg = Debug|Any CPU
		{FB8E7DA6-63EC-447D-841D-CFF1613E1692}.Debug|Any CPU.Build.0 = Debug|Any CPU
		{FB8E7DA6-63EC-447D-841D-CFF1613E1692}.Release|Any CPU.ActiveCfg = Release|Any CPU
		{FB8E7DA6-63EC-447D-841D-CFF1613E1692}.Release|Any CPU.Build.0 = Release|Any CPU
		{46CB8690-A9D4-4B3B-9B07-B8305029C0E3}.Debug|Any CPU.ActiveCfg = Debug|Any CPU
		{46CB8690-A9D4-4B3B-9B07-B8305029C0E3}.Debug|Any CPU.Build.0 = Debug|Any CPU
		{46CB8690-A9D4-4B3B-9B07-B8305029C0E3}.Release|Any CPU.ActiveCfg = Release|Any CPU
		{46CB8690-A9D4-4B3B-9B07-B8305029C0E3}.Release|Any CPU.Build.0 = Release|Any CPU
	EndGlobalSection
	GlobalSection(SolutionProperties) = preSolution
		HideSolutionNode = FALSE
	EndGlobalSection
EndGlobal
